%{
  "observer_cli": {:hex, :observer_cli, "1.6.1", "d176f967c978ab8b8a29c35c12524f78b7bb36fd4e9b8276dd75c9cb56e07e42", [:mix, :rebar3], [{:recon, "~>2.5.1", [hex: :recon, repo: "hexpm", optional: false]}], "hexpm", "3418e319764b9dff1f469e43cbdffd7fd54ea47cbf765027c557abd146a19fb3"},
  "recon": {:hex, :recon, "2.5.1", "430ffa60685ac1efdfb1fe4c97b8767c92d0d92e6e7c3e8621559ba77598678a", [:mix, :rebar3], [], "hexpm", "5721c6b6d50122d8f68cccac712caa1231f97894bab779eff5ff0f886cb44648"},
}
